# This file was autogenerated by Stack.
# You should not edit this file by hand.
# For more information, please see the documentation at:
#   https://docs.haskellstack.org/en/stable/lock_files

packages:
- completed:
    name: aeson-generic-ts
    version: 0.1.0.0
    git: https://github.com/smaccoun/aeson-generic-ts.git
    pantry-tree:
      size: 1699
      sha256: 4d7e968b226f89dc058b7bdf2cfe061a7893236e113b672262a4da76224e5585
    commit: 0381cbda2845d4cb090569c4d813cf75c5bd11ac
  original:
    git: https://github.com/smaccoun/aeson-generic-ts.git
    commit: 0381cbda2845d4cb090569c4d813cf75c5bd11ac
snapshots:
- completed:
    size: 495191
    url: https://raw.githubusercontent.com/commercialhaskell/stackage-snapshots/master/lts/13/5.yaml
    sha256: 9aa96e7a2183db5bd50fc78c463b9738b73b036818cfb4106b82c62e652b7fcf
  original: lts-13.5
